
Microsoft Visual Studio Solution File, Format Version 12.00
# Visual Studio Version 16
VisualStudioVersion = 16.0.29709.97
MinimumVisualStudioVersion = 10.0.40219.1
Project("{FAE04EC0-301F-11D3-BF4B-00C04F79EFBC}") = "VigCovidApp", "VigCovidApp\VigCovidApp.csproj", "{C3206696-8E2F-4023-8664-13E4E4FBCFA5}"
EndProject
Project("{2150E333-8FDC-42A3-9474-1A3956D46DE8}") = "Components", "Components", "{6E15D750-A1B2-47DA-B0A3-D15245244E65}"
EndProject
Project("{2150E333-8FDC-42A3-9474-1A3956D46DE8}") = "MedicalMonitoring", "MedicalMonitoring", "{AC7DA84B-8C21-4D74-89A4-94A6A15E3EF9}"
EndProject
Project("{FAE04EC0-301F-11D3-BF4B-00C04F79EFBC}") = "VigCovid.MedicalMonitoring.BL", "Components\MedicalMonitoring\VigCovid.MedicalMonitoring.BL\VigCovid.MedicalMonitoring.BL.csproj", "{20184B58-DBE2-4116-BE15-FD17AA27BDCC}"
EndProject
Project("{2150E333-8FDC-42A3-9474-1A3956D46DE8}") = "Common", "Common", "{0A72E66B-2C9F-4333-A2E4-19636CE12A4B}"
EndProject
Project("{FAE04EC0-301F-11D3-BF4B-00C04F79EFBC}") = "VigCovid.Common.BE", "Components\Common\VigCovid.Common.BE\VigCovid.Common.BE.csproj", "{BE4BE262-BCB9-46D6-8ECF-79C24379E6BE}"
EndProject
Project("{2150E333-8FDC-42A3-9474-1A3956D46DE8}") = "Security", "Security", "{7012E702-72A7-4CC4-A74B-B4EEE965D0FE}"
EndProject
Project("{FAE04EC0-301F-11D3-BF4B-00C04F79EFBC}") = "VigCovid.Security.BL", "Components\Security\VigCovid.Security\VigCovid.Security.BL.csproj", "{89A34E0E-6020-4BAD-A33A-0DA0EED5BCE7}"
EndProject
Project("{FAE04EC0-301F-11D3-BF4B-00C04F79EFBC}") = "VigCovid.Common.Resource", "Components\Common\VigCovid.Common.Resource\VigCovid.Common.Resource.csproj", "{EB476DBF-8D31-483F-8F8D-AC3DF8A04144}"
EndProject
Project("{2150E333-8FDC-42A3-9474-1A3956D46DE8}") = "Worker", "Worker", "{AE7DF3FC-C46F-4188-B058-C13188246CD4}"
EndProject
Project("{FAE04EC0-301F-11D3-BF4B-00C04F79EFBC}") = "VigCovid.Worker.BL", "Components\Worker\VigCovid.Worker.BL\VigCovid.Worker.BL.csproj", "{9A8CF738-996F-434B-B9B4-1A601ECADF36}"
EndProject
Project("{FAE04EC0-301F-11D3-BF4B-00C04F79EFBC}") = "VigCovid.Common.AccessData", "Components\Common\VigCovid.Common.AccessData\VigCovid.Common.AccessData.csproj", "{0BEF1DCD-C91D-4124-9607-291919726E5C}"
EndProject
Project("{2150E333-8FDC-42A3-9474-1A3956D46DE8}") = "Empresa", "Empresa", "{1DAA0078-8F8E-4357-9827-4889CE50D048}"
EndProject
Project("{2150E333-8FDC-42A3-9474-1A3956D46DE8}") = "Dashboard", "Dashboard", "{7A507128-CB10-417C-9D3F-11396CB26BEE}"
EndProject
Project("{FAE04EC0-301F-11D3-BF4B-00C04F79EFBC}") = "VigCovid.Dashboard.BL", "Components\Dashboard\VigCovid.Dashboard.BL\VigCovid.Dashboard.BL.csproj", "{672A56B8-52F0-4A03-B9FA-A811ECC3CE6D}"
EndProject
Project("{2150E333-8FDC-42A3-9474-1A3956D46DE8}") = "Report", "Report", "{D8DF87BE-63BC-4B3C-9C53-D6ACC35517CA}"
EndProject
Project("{FAE04EC0-301F-11D3-BF4B-00C04F79EFBC}") = "VigCovid.Report.BL", "Components\Report\VigCovid.Report.BL\VigCovid.Report.BL.csproj", "{95A6C8E3-F6D1-4FAA-B865-5A0B254586FE}"
EndProject
Project("{FAE04EC0-301F-11D3-BF4B-00C04F79EFBC}") = "ConsoleHelper", "ConsoleHelper\ConsoleHelper.csproj", "{CB1B2AE5-C418-4F9C-9AE4-63836E09E7AA}"
EndProject
Project("{2150E333-8FDC-42A3-9474-1A3956D46DE8}") = "Console", "Console", "{D63A45B0-8998-4C8B-9487-D14C2402AAC2}"
EndProject
Project("{FAE04EC0-301F-11D3-BF4B-00C04F79EFBC}") = "VigCovid.Helper.BL", "Components\Console\VigCovid.Helper.BL\VigCovid.Helper.BL.csproj", "{72F476E5-CCA7-4B9B-9072-860DA3135A6B}"
EndProject
Global
	GlobalSection(SolutionConfigurationPlatforms) = preSolution
		Debug|Any CPU = Debug|Any CPU
		Release|Any CPU = Release|Any CPU
	EndGlobalSection
	GlobalSection(ProjectConfigurationPlatforms) = postSolution
		{C3206696-8E2F-4023-8664-13E4E4FBCFA5}.Debug|Any CPU.ActiveCfg = Debug|Any CPU
		{C3206696-8E2F-4023-8664-13E4E4FBCFA5}.Debug|Any CPU.Build.0 = Debug|Any CPU
		{C3206696-8E2F-4023-8664-13E4E4FBCFA5}.Release|Any CPU.ActiveCfg = Release|Any CPU
		{C3206696-8E2F-4023-8664-13E4E4FBCFA5}.Release|Any CPU.Build.0 = Release|Any CPU
		{20184B58-DBE2-4116-BE15-FD17AA27BDCC}.Debug|Any CPU.ActiveCfg = Debug|Any CPU
		{20184B58-DBE2-4116-BE15-FD17AA27BDCC}.Debug|Any CPU.Build.0 = Debug|Any CPU
		{20184B58-DBE2-4116-BE15-FD17AA27BDCC}.Release|Any CPU.ActiveCfg = Release|Any CPU
		{20184B58-DBE2-4116-BE15-FD17AA27BDCC}.Release|Any CPU.Build.0 = Release|Any CPU
		{BE4BE262-BCB9-46D6-8ECF-79C24379E6BE}.Debug|Any CPU.ActiveCfg = Debug|Any CPU
		{BE4BE262-BCB9-46D6-8ECF-79C24379E6BE}.Debug|Any CPU.Build.0 = Debug|Any CPU
		{BE4BE262-BCB9-46D6-8ECF-79C24379E6BE}.Release|Any CPU.ActiveCfg = Release|Any CPU
		{BE4BE262-BCB9-46D6-8ECF-79C24379E6BE}.Release|Any CPU.Build.0 = Release|Any CPU
		{89A34E0E-6020-4BAD-A33A-0DA0EED5BCE7}.Debug|Any CPU.ActiveCfg = Debug|Any CPU
		{89A34E0E-6020-4BAD-A33A-0DA0EED5BCE7}.Debug|Any CPU.Build.0 = Debug|Any CPU
		{89A34E0E-6020-4BAD-A33A-0DA0EED5BCE7}.Release|Any CPU.ActiveCfg = Release|Any CPU
		{89A34E0E-6020-4BAD-A33A-0DA0EED5BCE7}.Release|Any CPU.Build.0 = Release|Any CPU
		{EB476DBF-8D31-483F-8F8D-AC3DF8A04144}.Debug|Any CPU.ActiveCfg = Debug|Any CPU
		{EB476DBF-8D31-483F-8F8D-AC3DF8A04144}.Debug|Any CPU.Build.0 = Debug|Any CPU
		{EB476DBF-8D31-483F-8F8D-AC3DF8A04144}.Release|Any CPU.ActiveCfg = Release|Any CPU
		{EB476DBF-8D31-483F-8F8D-AC3DF8A04144}.Release|Any CPU.Build.0 = Release|Any CPU
		{9A8CF738-996F-434B-B9B4-1A601ECADF36}.Debug|Any CPU.ActiveCfg = Debug|Any CPU
		{9A8CF738-996F-434B-B9B4-1A601ECADF36}.Debug|Any CPU.Build.0 = Debug|Any CPU
		{9A8CF738-996F-434B-B9B4-1A601ECADF36}.Release|Any CPU.ActiveCfg = Release|Any CPU
		{9A8CF738-996F-434B-B9B4-1A601ECADF36}.Release|Any CPU.Build.0 = Release|Any CPU
		{0BEF1DCD-C91D-4124-9607-291919726E5C}.Debug|Any CPU.ActiveCfg = Debug|Any CPU
		{0BEF1DCD-C91D-4124-9607-291919726E5C}.Debug|Any CPU.Build.0 = Debug|Any CPU
		{0BEF1DCD-C91D-4124-9607-291919726E5C}.Release|Any CPU.ActiveCfg = Release|Any CPU
		{0BEF1DCD-C91D-4124-9607-291919726E5C}.Release|Any CPU.Build.0 = Release|Any CPU
		{672A56B8-52F0-4A03-B9FA-A811ECC3CE6D}.Debug|Any CPU.ActiveCfg = Debug|Any CPU
		{672A56B8-52F0-4A03-B9FA-A811ECC3CE6D}.Debug|Any CPU.Build.0 = Debug|Any CPU
		{672A56B8-52F0-4A03-B9FA-A811ECC3CE6D}.Release|Any CPU.ActiveCfg = Release|Any CPU
		{672A56B8-52F0-4A03-B9FA-A811ECC3CE6D}.Release|Any CPU.Build.0 = Release|Any CPU
		{95A6C8E3-F6D1-4FAA-B865-5A0B254586FE}.Debug|Any CPU.ActiveCfg = Debug|Any CPU
		{95A6C8E3-F6D1-4FAA-B865-5A0B254586FE}.Debug|Any CPU.Build.0 = Debug|Any CPU
		{95A6C8E3-F6D1-4FAA-B865-5A0B254586FE}.Release|Any CPU.ActiveCfg = Release|Any CPU
		{95A6C8E3-F6D1-4FAA-B865-5A0B254586FE}.Release|Any CPU.Build.0 = Release|Any CPU
		{CB1B2AE5-C418-4F9C-9AE4-63836E09E7AA}.Debug|Any CPU.ActiveCfg = Debug|Any CPU
		{CB1B2AE5-C418-4F9C-9AE4-63836E09E7AA}.Debug|Any CPU.Build.0 = Debug|Any CPU
		{CB1B2AE5-C418-4F9C-9AE4-63836E09E7AA}.Release|Any CPU.ActiveCfg = Release|Any CPU
		{CB1B2AE5-C418-4F9C-9AE4-63836E09E7AA}.Release|Any CPU.Build.0 = Release|Any CPU
		{72F476E5-CCA7-4B9B-9072-860DA3135A6B}.Debug|Any CPU.ActiveCfg = Debug|Any CPU
		{72F476E5-CCA7-4B9B-9072-860DA3135A6B}.Debug|Any CPU.Build.0 = Debug|Any CPU
		{72F476E5-CCA7-4B9B-9072-860DA3135A6B}.Release|Any CPU.ActiveCfg = Release|Any CPU
		{72F476E5-CCA7-4B9B-9072-860DA3135A6B}.Release|Any CPU.Build.0 = Release|Any CPU
	EndGlobalSection
	GlobalSection(SolutionProperties) = preSolution
		HideSolutionNode = FALSE
	EndGlobalSection
	GlobalSection(NestedProjects) = preSolution
		{AC7DA84B-8C21-4D74-89A4-94A6A15E3EF9} = {6E15D750-A1B2-47DA-B0A3-D15245244E65}
		{20184B58-DBE2-4116-BE15-FD17AA27BDCC} = {AC7DA84B-8C21-4D74-89A4-94A6A15E3EF9}
		{0A72E66B-2C9F-4333-A2E4-19636CE12A4B} = {6E15D750-A1B2-47DA-B0A3-D15245244E65}
		{BE4BE262-BCB9-46D6-8ECF-79C24379E6BE} = {0A72E66B-2C9F-4333-A2E4-19636CE12A4B}
		{7012E702-72A7-4CC4-A74B-B4EEE965D0FE} = {6E15D750-A1B2-47DA-B0A3-D15245244E65}
		{89A34E0E-6020-4BAD-A33A-0DA0EED5BCE7} = {7012E702-72A7-4CC4-A74B-B4EEE965D0FE}
		{EB476DBF-8D31-483F-8F8D-AC3DF8A04144} = {0A72E66B-2C9F-4333-A2E4-19636CE12A4B}
		{AE7DF3FC-C46F-4188-B058-C13188246CD4} = {6E15D750-A1B2-47DA-B0A3-D15245244E65}
		{9A8CF738-996F-434B-B9B4-1A601ECADF36} = {AE7DF3FC-C46F-4188-B058-C13188246CD4}
		{0BEF1DCD-C91D-4124-9607-291919726E5C} = {0A72E66B-2C9F-4333-A2E4-19636CE12A4B}
		{1DAA0078-8F8E-4357-9827-4889CE50D048} = {6E15D750-A1B2-47DA-B0A3-D15245244E65}
		{7A507128-CB10-417C-9D3F-11396CB26BEE} = {6E15D750-A1B2-47DA-B0A3-D15245244E65}
		{672A56B8-52F0-4A03-B9FA-A811ECC3CE6D} = {7A507128-CB10-417C-9D3F-11396CB26BEE}
		{D8DF87BE-63BC-4B3C-9C53-D6ACC35517CA} = {6E15D750-A1B2-47DA-B0A3-D15245244E65}
		{95A6C8E3-F6D1-4FAA-B865-5A0B254586FE} = {D8DF87BE-63BC-4B3C-9C53-D6ACC35517CA}
		{D63A45B0-8998-4C8B-9487-D14C2402AAC2} = {6E15D750-A1B2-47DA-B0A3-D15245244E65}
		{72F476E5-CCA7-4B9B-9072-860DA3135A6B} = {D63A45B0-8998-4C8B-9487-D14C2402AAC2}
	EndGlobalSection
	GlobalSection(ExtensibilityGlobals) = postSolution
		SolutionGuid = {DCCAE09E-E382-44CD-8D83-670B6F76285E}
	EndGlobalSection
EndGlobal
